// !$*UTF8*$!
{
	archiveVersion = 1;
	classes = {
	};
	objectVersion = 42;
	objects = {

/* Begin PBXBuildFile section */
		04CAFAC71958B776008CBA4C /* ofxCocoaGLView.mm in Sources */ = {isa = PBXBuildFile; fileRef = 04CAFAC61958B776008CBA4C /* ofxCocoaGLView.mm */; };
		04CAFAE21958B8D5008CBA4C /* ofxEasyFft.cpp in Sources */ = {isa = PBXBuildFile; fileRef = 04CAFACA1958B8D5008CBA4C /* ofxEasyFft.cpp */; };
		04CAFAE31958B8D5008CBA4C /* ofxFft.cpp in Sources */ = {isa = PBXBuildFile; fileRef = 04CAFACC1958B8D5008CBA4C /* ofxFft.cpp */; };
		04CAFAE41958B8D5008CBA4C /* ofxFftBasic.cpp in Sources */ = {isa = PBXBuildFile; fileRef = 04CAFACE1958B8D5008CBA4C /* ofxFftBasic.cpp */; };
		04CAFAE51958B8D5008CBA4C /* ofxFftw.cpp in Sources */ = {isa = PBXBuildFile; fileRef = 04CAFAD01958B8D5008CBA4C /* ofxFftw.cpp */; };
		04CAFAE61958B8D5008CBA4C /* ofxProcessFFT.cpp in Sources */ = {isa = PBXBuildFile; fileRef = 04CAFAD21958B8D5008CBA4C /* ofxProcessFFT.cpp */; };
		04CAFAE71958B8D5008CBA4C /* kiss_fft.c in Sources */ = {isa = PBXBuildFile; fileRef = 04CAFADE1958B8D5008CBA4C /* kiss_fft.c */; };
		04CAFAE81958B8D5008CBA4C /* kiss_fftr.c in Sources */ = {isa = PBXBuildFile; fileRef = 04CAFAE01958B8D5008CBA4C /* kiss_fftr.c */; };
		04CAFAED1958D4D6008CBA4C /* fftw3f.a in Frameworks */ = {isa = PBXBuildFile; fileRef = 04CAFAEC1958D4D6008CBA4C /* fftw3f.a */; };
		04CAFAF41958DD9B008CBA4C /* ofxBiquadFilter.cpp in Sources */ = {isa = PBXBuildFile; fileRef = 04CAFAF01958DD9B008CBA4C /* ofxBiquadFilter.cpp */; };
		04CAFAF51958DD9B008CBA4C /* ofxBiquadFilterInstance.cpp in Sources */ = {isa = PBXBuildFile; fileRef = 04CAFAF21958DD9B008CBA4C /* ofxBiquadFilterInstance.cpp */; };
		04CAFAF81958E025008CBA4C /* AudioAnalyzer.cpp in Sources */ = {isa = PBXBuildFile; fileRef = 04CAFAF61958E025008CBA4C /* AudioAnalyzer.cpp */; };
		6091337D1652C9C900B523AD /* AppDelegate.m in Sources */ = {isa = PBXBuildFile; fileRef = 6091337A1652C9C900B523AD /* AppDelegate.m */; };
		6091337E1652C9C900B523AD /* main.m in Sources */ = {isa = PBXBuildFile; fileRef = 6091337B1652C9C900B523AD /* main.m */; };
		609133841652CA6600B523AD /* MainMenu.xib in Resources */ = {isa = PBXBuildFile; fileRef = 6091337C1652C9C900B523AD /* MainMenu.xib */; };
		609133871652CB3E00B523AD /* mainView.mm in Sources */ = {isa = PBXBuildFile; fileRef = 609133861652CB3E00B523AD /* mainView.mm */; };
		BBAB23CB13894F3D00AA2426 /* GLUT.framework in CopyFiles */ = {isa = PBXBuildFile; fileRef = BBAB23BE13894E4700AA2426 /* GLUT.framework */; };
		BF2FDAD11959E4FA00CCCD76 /* AudioAgentProcessor.mm in Sources */ = {isa = PBXBuildFile; fileRef = BF2FDACF1959E4FA00CCCD76 /* AudioAgentProcessor.mm */; };
		BF8043D1195C71DF007B6870 /* SliderTextField.m in Sources */ = {isa = PBXBuildFile; fileRef = BF8043D0195C71DF007B6870 /* SliderTextField.m */; };
		BFB00CA0195D66F200D02A40 /* ofxOscBundle.cpp in Sources */ = {isa = PBXBuildFile; fileRef = BFB00C79195D66F200D02A40 /* ofxOscBundle.cpp */; };
		BFB00CA1195D66F200D02A40 /* ofxOscMessage.cpp in Sources */ = {isa = PBXBuildFile; fileRef = BFB00C7B195D66F200D02A40 /* ofxOscMessage.cpp */; };
		BFB00CA2195D66F200D02A40 /* ofxOscParameterSync.cpp in Sources */ = {isa = PBXBuildFile; fileRef = BFB00C7D195D66F200D02A40 /* ofxOscParameterSync.cpp */; };
		BFB00CA3195D66F200D02A40 /* ofxOscReceiver.cpp in Sources */ = {isa = PBXBuildFile; fileRef = BFB00C7F195D66F200D02A40 /* ofxOscReceiver.cpp */; };
		BFB00CA4195D66F200D02A40 /* ofxOscSender.cpp in Sources */ = {isa = PBXBuildFile; fileRef = BFB00C81195D66F200D02A40 /* ofxOscSender.cpp */; };
		BFB00CA5195D66F200D02A40 /* IpEndpointName.cpp in Sources */ = {isa = PBXBuildFile; fileRef = BFB00C87195D66F200D02A40 /* IpEndpointName.cpp */; };
		BFB00CA6195D66F200D02A40 /* NetworkingUtils.cpp in Sources */ = {isa = PBXBuildFile; fileRef = BFB00C8C195D66F200D02A40 /* NetworkingUtils.cpp */; };
		BFB00CA7195D66F200D02A40 /* UdpSocket.cpp in Sources */ = {isa = PBXBuildFile; fileRef = BFB00C8D195D66F200D02A40 /* UdpSocket.cpp */; };
		BFB00CA8195D66F200D02A40 /* OscOutboundPacketStream.cpp in Sources */ = {isa = PBXBuildFile; fileRef = BFB00C97195D66F200D02A40 /* OscOutboundPacketStream.cpp */; };
		BFB00CA9195D66F200D02A40 /* OscPrintReceivedElements.cpp in Sources */ = {isa = PBXBuildFile; fileRef = BFB00C9A195D66F200D02A40 /* OscPrintReceivedElements.cpp */; };
		BFB00CAA195D66F200D02A40 /* OscReceivedElements.cpp in Sources */ = {isa = PBXBuildFile; fileRef = BFB00C9C195D66F200D02A40 /* OscReceivedElements.cpp */; };
		BFB00CAB195D66F200D02A40 /* OscTypes.cpp in Sources */ = {isa = PBXBuildFile; fileRef = BFB00C9E195D66F200D02A40 /* OscTypes.cpp */; };
		BFE796E9195AF5670047FB98 /* AudioAgent.mm in Sources */ = {isa = PBXBuildFile; fileRef = BFE796E8195AF5670047FB98 /* AudioAgent.mm */; };
		DDFBE3B61961351C00A336C7 /* OutputDestination.mm in Sources */ = {isa = PBXBuildFile; fileRef = DDFBE3B51961351C00A336C7 /* OutputDestination.mm */; };
		E4328149138ABC9F0047C5CB /* openFrameworksDebug.a in Frameworks */ = {isa = PBXBuildFile; fileRef = E4328148138ABC890047C5CB /* openFrameworksDebug.a */; };
		E45BE97B0E8CC7DD009D7055 /* AGL.framework in Frameworks */ = {isa = PBXBuildFile; fileRef = E45BE9710E8CC7DD009D7055 /* AGL.framework */; };
		E45BE97C0E8CC7DD009D7055 /* ApplicationServices.framework in Frameworks */ = {isa = PBXBuildFile; fileRef = E45BE9720E8CC7DD009D7055 /* ApplicationServices.framework */; };
		E45BE97D0E8CC7DD009D7055 /* AudioToolbox.framework in Frameworks */ = {isa = PBXBuildFile; fileRef = E45BE9730E8CC7DD009D7055 /* AudioToolbox.framework */; };
		E45BE97E0E8CC7DD009D7055 /* Carbon.framework in Frameworks */ = {isa = PBXBuildFile; fileRef = E45BE9740E8CC7DD009D7055 /* Carbon.framework */; };
		E45BE97F0E8CC7DD009D7055 /* CoreAudio.framework in Frameworks */ = {isa = PBXBuildFile; fileRef = E45BE9750E8CC7DD009D7055 /* CoreAudio.framework */; };
		E45BE9800E8CC7DD009D7055 /* CoreFoundation.framework in Frameworks */ = {isa = PBXBuildFile; fileRef = E45BE9760E8CC7DD009D7055 /* CoreFoundation.framework */; };
		E45BE9810E8CC7DD009D7055 /* CoreServices.framework in Frameworks */ = {isa = PBXBuildFile; fileRef = E45BE9770E8CC7DD009D7055 /* CoreServices.framework */; };
		E45BE9830E8CC7DD009D7055 /* OpenGL.framework in Frameworks */ = {isa = PBXBuildFile; fileRef = E45BE9790E8CC7DD009D7055 /* OpenGL.framework */; };
		E45BE9840E8CC7DD009D7055 /* QuickTime.framework in Frameworks */ = {isa = PBXBuildFile; fileRef = E45BE97A0E8CC7DD009D7055 /* QuickTime.framework */; };
		E4C2424710CC5A17004149E2 /* AppKit.framework in Frameworks */ = {isa = PBXBuildFile; fileRef = E4C2424410CC5A17004149E2 /* AppKit.framework */; };
		E4C2424810CC5A17004149E2 /* Cocoa.framework in Frameworks */ = {isa = PBXBuildFile; fileRef = E4C2424510CC5A17004149E2 /* Cocoa.framework */; };
		E4C2424910CC5A17004149E2 /* IOKit.framework in Frameworks */ = {isa = PBXBuildFile; fileRef = E4C2424610CC5A17004149E2 /* IOKit.framework */; };
		E4EB6799138ADC1D00A09F29 /* GLUT.framework in Frameworks */ = {isa = PBXBuildFile; fileRef = BBAB23BE13894E4700AA2426 /* GLUT.framework */; };
		E7E077E515D3B63C0020DFD4 /* CoreVideo.framework in Frameworks */ = {isa = PBXBuildFile; fileRef = E7E077E415D3B63C0020DFD4 /* CoreVideo.framework */; };
		E7E077E815D3B6510020DFD4 /* QTKit.framework in Frameworks */ = {isa = PBXBuildFile; fileRef = E7E077E715D3B6510020DFD4 /* QTKit.framework */; };
		E7F985F815E0DEA3003869B5 /* Accelerate.framework in Frameworks */ = {isa = PBXBuildFile; fileRef = E7F985F515E0DE99003869B5 /* Accelerate.framework */; };
/* End PBXBuildFile section */

/* Begin PBXContainerItemProxy section */
		E4328147138ABC890047C5CB /* PBXContainerItemProxy */ = {
			isa = PBXContainerItemProxy;
			containerPortal = E4328143138ABC890047C5CB /* openFrameworksLib.xcodeproj */;
			proxyType = 2;
			remoteGlobalIDString = E4B27C1510CBEB8E00536013;
			remoteInfo = openFrameworks;
		};
		E4EEB9AB138B136A00A80321 /* PBXContainerItemProxy */ = {
			isa = PBXContainerItemProxy;
			containerPortal = E4328143138ABC890047C5CB /* openFrameworksLib.xcodeproj */;
			proxyType = 1;
			remoteGlobalIDString = E4B27C1410CBEB8E00536013;
			remoteInfo = openFrameworks;
		};
/* End PBXContainerItemProxy section */

/* Begin PBXCopyFilesBuildPhase section */
		E4C2427710CC5ABF004149E2 /* CopyFiles */ = {
			isa = PBXCopyFilesBuildPhase;
			buildActionMask = 2147483647;
			dstPath = "";
			dstSubfolderSpec = 10;
			files = (
				BBAB23CB13894F3D00AA2426 /* GLUT.framework in CopyFiles */,
			);
			runOnlyForDeploymentPostprocessing = 0;
		};
/* End PBXCopyFilesBuildPhase section */

/* Begin PBXFileReference section */
		04CAFAC51958B776008CBA4C /* ofxCocoaGLView.h */ = {isa = PBXFileReference; lastKnownFileType = sourcecode.c.h; path = ofxCocoaGLView.h; sourceTree = "<group>"; };
		04CAFAC61958B776008CBA4C /* ofxCocoaGLView.mm */ = {isa = PBXFileReference; lastKnownFileType = sourcecode.cpp.objcpp; path = ofxCocoaGLView.mm; sourceTree = "<group>"; };
		04CAFACA1958B8D5008CBA4C /* ofxEasyFft.cpp */ = {isa = PBXFileReference; lastKnownFileType = sourcecode.cpp.cpp; path = ofxEasyFft.cpp; sourceTree = "<group>"; };
		04CAFACB1958B8D5008CBA4C /* ofxEasyFft.h */ = {isa = PBXFileReference; lastKnownFileType = sourcecode.c.h; path = ofxEasyFft.h; sourceTree = "<group>"; };
		04CAFACC1958B8D5008CBA4C /* ofxFft.cpp */ = {isa = PBXFileReference; lastKnownFileType = sourcecode.cpp.cpp; path = ofxFft.cpp; sourceTree = "<group>"; };
		04CAFACD1958B8D5008CBA4C /* ofxFft.h */ = {isa = PBXFileReference; lastKnownFileType = sourcecode.c.h; path = ofxFft.h; sourceTree = "<group>"; };
		04CAFACE1958B8D5008CBA4C /* ofxFftBasic.cpp */ = {isa = PBXFileReference; lastKnownFileType = sourcecode.cpp.cpp; path = ofxFftBasic.cpp; sourceTree = "<group>"; };
		04CAFACF1958B8D5008CBA4C /* ofxFftBasic.h */ = {isa = PBXFileReference; lastKnownFileType = sourcecode.c.h; path = ofxFftBasic.h; sourceTree = "<group>"; };
		04CAFAD01958B8D5008CBA4C /* ofxFftw.cpp */ = {isa = PBXFileReference; lastKnownFileType = sourcecode.cpp.cpp; path = ofxFftw.cpp; sourceTree = "<group>"; };
		04CAFAD11958B8D5008CBA4C /* ofxFftw.h */ = {isa = PBXFileReference; lastKnownFileType = sourcecode.c.h; path = ofxFftw.h; sourceTree = "<group>"; };
		04CAFAD21958B8D5008CBA4C /* ofxProcessFFT.cpp */ = {isa = PBXFileReference; lastKnownFileType = sourcecode.cpp.cpp; path = ofxProcessFFT.cpp; sourceTree = "<group>"; };
		04CAFAD31958B8D5008CBA4C /* ofxProcessFFT.h */ = {isa = PBXFileReference; lastKnownFileType = sourcecode.c.h; path = ofxProcessFFT.h; sourceTree = "<group>"; };
		04CAFAD61958B8D5008CBA4C /* .keep */ = {isa = PBXFileReference; lastKnownFileType = text; path = .keep; sourceTree = "<group>"; };
		04CAFAD81958B8D5008CBA4C /* fftw3.h */ = {isa = PBXFileReference; lastKnownFileType = sourcecode.c.h; path = fftw3.h; sourceTree = "<group>"; };
		04CAFADA1958B8D5008CBA4C /* .keep */ = {isa = PBXFileReference; lastKnownFileType = text; path = .keep; sourceTree = "<group>"; };
		04CAFADC1958B8D5008CBA4C /* .keep */ = {isa = PBXFileReference; lastKnownFileType = text; path = .keep; sourceTree = "<group>"; };
		04CAFADD1958B8D5008CBA4C /* _kiss_fft_guts.h */ = {isa = PBXFileReference; lastKnownFileType = sourcecode.c.h; path = _kiss_fft_guts.h; sourceTree = "<group>"; };
		04CAFADE1958B8D5008CBA4C /* kiss_fft.c */ = {isa = PBXFileReference; lastKnownFileType = sourcecode.c.c; path = kiss_fft.c; sourceTree = "<group>"; };
		04CAFADF1958B8D5008CBA4C /* kiss_fft.h */ = {isa = PBXFileReference; lastKnownFileType = sourcecode.c.h; path = kiss_fft.h; sourceTree = "<group>"; };
		04CAFAE01958B8D5008CBA4C /* kiss_fftr.c */ = {isa = PBXFileReference; lastKnownFileType = sourcecode.c.c; path = kiss_fftr.c; sourceTree = "<group>"; };
		04CAFAE11958B8D5008CBA4C /* kiss_fftr.h */ = {isa = PBXFileReference; lastKnownFileType = sourcecode.c.h; path = kiss_fftr.h; sourceTree = "<group>"; };
		04CAFAEC1958D4D6008CBA4C /* fftw3f.a */ = {isa = PBXFileReference; lastKnownFileType = archive.ar; path = fftw3f.a; sourceTree = "<group>"; };
		04CAFAF01958DD9B008CBA4C /* ofxBiquadFilter.cpp */ = {isa = PBXFileReference; lastKnownFileType = sourcecode.cpp.cpp; path = ofxBiquadFilter.cpp; sourceTree = "<group>"; };
		04CAFAF11958DD9B008CBA4C /* ofxBiquadFilter.h */ = {isa = PBXFileReference; lastKnownFileType = sourcecode.c.h; path = ofxBiquadFilter.h; sourceTree = "<group>"; };
		04CAFAF21958DD9B008CBA4C /* ofxBiquadFilterInstance.cpp */ = {isa = PBXFileReference; lastKnownFileType = sourcecode.cpp.cpp; path = ofxBiquadFilterInstance.cpp; sourceTree = "<group>"; };
		04CAFAF31958DD9B008CBA4C /* ofxBiquadFilterInstance.h */ = {isa = PBXFileReference; lastKnownFileType = sourcecode.c.h; path = ofxBiquadFilterInstance.h; sourceTree = "<group>"; };
		04CAFAF61958E025008CBA4C /* AudioAnalyzer.cpp */ = {isa = PBXFileReference; fileEncoding = 4; lastKnownFileType = sourcecode.cpp.cpp; path = AudioAnalyzer.cpp; sourceTree = "<group>"; };
		04CAFAF71958E025008CBA4C /* AudioAnalyzer.h */ = {isa = PBXFileReference; fileEncoding = 4; lastKnownFileType = sourcecode.c.h; path = AudioAnalyzer.h; sourceTree = "<group>"; };
		608B6AAC16A78AAD00144EF4 /* openFrameworks-Info.plist */ = {isa = PBXFileReference; fileEncoding = 4; lastKnownFileType = text.plist.xml; path = "openFrameworks-Info.plist"; sourceTree = "<group>"; };
		609133791652C9C900B523AD /* AppDelegate.h */ = {isa = PBXFileReference; fileEncoding = 4; lastKnownFileType = sourcecode.c.h; path = AppDelegate.h; sourceTree = "<group>"; };
		6091337A1652C9C900B523AD /* AppDelegate.m */ = {isa = PBXFileReference; fileEncoding = 4; lastKnownFileType = sourcecode.c.objc; path = AppDelegate.m; sourceTree = "<group>"; };
		6091337B1652C9C900B523AD /* main.m */ = {isa = PBXFileReference; fileEncoding = 4; lastKnownFileType = sourcecode.c.objc; path = main.m; sourceTree = "<group>"; };
		6091337C1652C9C900B523AD /* MainMenu.xib */ = {isa = PBXFileReference; fileEncoding = 4; lastKnownFileType = file.xib; path = MainMenu.xib; sourceTree = "<group>"; };
		609133851652CB3E00B523AD /* mainView.h */ = {isa = PBXFileReference; fileEncoding = 4; lastKnownFileType = sourcecode.c.h; path = mainView.h; sourceTree = "<group>"; };
		609133861652CB3E00B523AD /* mainView.mm */ = {isa = PBXFileReference; fileEncoding = 4; lastKnownFileType = sourcecode.cpp.objcpp; path = mainView.mm; sourceTree = "<group>"; };
		BBAB23BE13894E4700AA2426 /* GLUT.framework */ = {isa = PBXFileReference; lastKnownFileType = wrapper.framework; name = GLUT.framework; path = ../../../libs/glut/lib/osx/GLUT.framework; sourceTree = "<group>"; };
		BF2FDACF1959E4FA00CCCD76 /* AudioAgentProcessor.mm */ = {isa = PBXFileReference; fileEncoding = 4; lastKnownFileType = sourcecode.cpp.objcpp; path = AudioAgentProcessor.mm; sourceTree = "<group>"; };
		BF2FDAD01959E4FA00CCCD76 /* AudioAgentProcessor.h */ = {isa = PBXFileReference; fileEncoding = 4; lastKnownFileType = sourcecode.c.h; path = AudioAgentProcessor.h; sourceTree = "<group>"; };
		BF8043CF195C71DF007B6870 /* SliderTextField.h */ = {isa = PBXFileReference; fileEncoding = 4; lastKnownFileType = sourcecode.c.h; path = SliderTextField.h; sourceTree = "<group>"; };
		BF8043D0195C71DF007B6870 /* SliderTextField.m */ = {isa = PBXFileReference; fileEncoding = 4; lastKnownFileType = sourcecode.c.objc; path = SliderTextField.m; sourceTree = "<group>"; };
		BFB00C77195D66F200D02A40 /* ofxOsc.h */ = {isa = PBXFileReference; lastKnownFileType = sourcecode.c.h; path = ofxOsc.h; sourceTree = "<group>"; };
		BFB00C78195D66F200D02A40 /* ofxOscArg.h */ = {isa = PBXFileReference; lastKnownFileType = sourcecode.c.h; path = ofxOscArg.h; sourceTree = "<group>"; };
		BFB00C79195D66F200D02A40 /* ofxOscBundle.cpp */ = {isa = PBXFileReference; lastKnownFileType = sourcecode.cpp.cpp; path = ofxOscBundle.cpp; sourceTree = "<group>"; };
		BFB00C7A195D66F200D02A40 /* ofxOscBundle.h */ = {isa = PBXFileReference; lastKnownFileType = sourcecode.c.h; path = ofxOscBundle.h; sourceTree = "<group>"; };
		BFB00C7B195D66F200D02A40 /* ofxOscMessage.cpp */ = {isa = PBXFileReference; lastKnownFileType = sourcecode.cpp.cpp; path = ofxOscMessage.cpp; sourceTree = "<group>"; };
		BFB00C7C195D66F200D02A40 /* ofxOscMessage.h */ = {isa = PBXFileReference; lastKnownFileType = sourcecode.c.h; path = ofxOscMessage.h; sourceTree = "<group>"; };
		BFB00C7D195D66F200D02A40 /* ofxOscParameterSync.cpp */ = {isa = PBXFileReference; lastKnownFileType = sourcecode.cpp.cpp; path = ofxOscParameterSync.cpp; sourceTree = "<group>"; };
		BFB00C7E195D66F200D02A40 /* ofxOscParameterSync.h */ = {isa = PBXFileReference; lastKnownFileType = sourcecode.c.h; path = ofxOscParameterSync.h; sourceTree = "<group>"; };
		BFB00C7F195D66F200D02A40 /* ofxOscReceiver.cpp */ = {isa = PBXFileReference; lastKnownFileType = sourcecode.cpp.cpp; path = ofxOscReceiver.cpp; sourceTree = "<group>"; };
		BFB00C80195D66F200D02A40 /* ofxOscReceiver.h */ = {isa = PBXFileReference; lastKnownFileType = sourcecode.c.h; path = ofxOscReceiver.h; sourceTree = "<group>"; };
		BFB00C81195D66F200D02A40 /* ofxOscSender.cpp */ = {isa = PBXFileReference; lastKnownFileType = sourcecode.cpp.cpp; path = ofxOscSender.cpp; sourceTree = "<group>"; };
		BFB00C82195D66F200D02A40 /* ofxOscSender.h */ = {isa = PBXFileReference; lastKnownFileType = sourcecode.c.h; path = ofxOscSender.h; sourceTree = "<group>"; };
		BFB00C87195D66F200D02A40 /* IpEndpointName.cpp */ = {isa = PBXFileReference; lastKnownFileType = sourcecode.cpp.cpp; path = IpEndpointName.cpp; sourceTree = "<group>"; };
		BFB00C88195D66F200D02A40 /* IpEndpointName.h */ = {isa = PBXFileReference; lastKnownFileType = sourcecode.c.h; path = IpEndpointName.h; sourceTree = "<group>"; };
		BFB00C89195D66F200D02A40 /* NetworkingUtils.h */ = {isa = PBXFileReference; lastKnownFileType = sourcecode.c.h; path = NetworkingUtils.h; sourceTree = "<group>"; };
		BFB00C8A195D66F200D02A40 /* PacketListener.h */ = {isa = PBXFileReference; lastKnownFileType = sourcecode.c.h; path = PacketListener.h; sourceTree = "<group>"; };
		BFB00C8C195D66F200D02A40 /* NetworkingUtils.cpp */ = {isa = PBXFileReference; lastKnownFileType = sourcecode.cpp.cpp; path = NetworkingUtils.cpp; sourceTree = "<group>"; };
		BFB00C8D195D66F200D02A40 /* UdpSocket.cpp */ = {isa = PBXFileReference; lastKnownFileType = sourcecode.cpp.cpp; path = UdpSocket.cpp; sourceTree = "<group>"; };
		BFB00C8E195D66F200D02A40 /* TimerListener.h */ = {isa = PBXFileReference; lastKnownFileType = sourcecode.c.h; path = TimerListener.h; sourceTree = "<group>"; };
		BFB00C8F195D66F200D02A40 /* UdpSocket.h */ = {isa = PBXFileReference; lastKnownFileType = sourcecode.c.h; path = UdpSocket.h; sourceTree = "<group>"; };
		BFB00C94195D66F200D02A40 /* MessageMappingOscPacketListener.h */ = {isa = PBXFileReference; lastKnownFileType = sourcecode.c.h; path = MessageMappingOscPacketListener.h; sourceTree = "<group>"; };
		BFB00C95195D66F200D02A40 /* OscException.h */ = {isa = PBXFileReference; lastKnownFileType = sourcecode.c.h; path = OscException.h; sourceTree = "<group>"; };
		BFB00C96195D66F200D02A40 /* OscHostEndianness.h */ = {isa = PBXFileReference; lastKnownFileType = sourcecode.c.h; path = OscHostEndianness.h; sourceTree = "<group>"; };
		BFB00C97195D66F200D02A40 /* OscOutboundPacketStream.cpp */ = {isa = PBXFileReference; lastKnownFileType = sourcecode.cpp.cpp; path = OscOutboundPacketStream.cpp; sourceTree = "<group>"; };
		BFB00C98195D66F200D02A40 /* OscOutboundPacketStream.h */ = {isa = PBXFileReference; lastKnownFileType = sourcecode.c.h; path = OscOutboundPacketStream.h; sourceTree = "<group>"; };
		BFB00C99195D66F200D02A40 /* OscPacketListener.h */ = {isa = PBXFileReference; lastKnownFileType = sourcecode.c.h; path = OscPacketListener.h; sourceTree = "<group>"; };
		BFB00C9A195D66F200D02A40 /* OscPrintReceivedElements.cpp */ = {isa = PBXFileReference; lastKnownFileType = sourcecode.cpp.cpp; path = OscPrintReceivedElements.cpp; sourceTree = "<group>"; };
		BFB00C9B195D66F200D02A40 /* OscPrintReceivedElements.h */ = {isa = PBXFileReference; lastKnownFileType = sourcecode.c.h; path = OscPrintReceivedElements.h; sourceTree = "<group>"; };
		BFB00C9C195D66F200D02A40 /* OscReceivedElements.cpp */ = {isa = PBXFileReference; lastKnownFileType = sourcecode.cpp.cpp; path = OscReceivedElements.cpp; sourceTree = "<group>"; };
		BFB00C9D195D66F200D02A40 /* OscReceivedElements.h */ = {isa = PBXFileReference; lastKnownFileType = sourcecode.c.h; path = OscReceivedElements.h; sourceTree = "<group>"; };
		BFB00C9E195D66F200D02A40 /* OscTypes.cpp */ = {isa = PBXFileReference; lastKnownFileType = sourcecode.cpp.cpp; path = OscTypes.cpp; sourceTree = "<group>"; };
		BFB00C9F195D66F200D02A40 /* OscTypes.h */ = {isa = PBXFileReference; lastKnownFileType = sourcecode.c.h; path = OscTypes.h; sourceTree = "<group>"; };
		BFE796E7195AF5670047FB98 /* AudioAgent.h */ = {isa = PBXFileReference; fileEncoding = 4; lastKnownFileType = sourcecode.c.h; path = AudioAgent.h; sourceTree = "<group>"; };
		BFE796E8195AF5670047FB98 /* AudioAgent.mm */ = {isa = PBXFileReference; fileEncoding = 4; lastKnownFileType = sourcecode.cpp.objcpp; path = AudioAgent.mm; sourceTree = "<group>"; };
		DDFBE3B41961351C00A336C7 /* OutputDestination.h */ = {isa = PBXFileReference; fileEncoding = 4; lastKnownFileType = sourcecode.c.h; path = OutputDestination.h; sourceTree = "<group>"; };
		DDFBE3B51961351C00A336C7 /* OutputDestination.mm */ = {isa = PBXFileReference; fileEncoding = 4; lastKnownFileType = sourcecode.cpp.objcpp; path = OutputDestination.mm; sourceTree = "<group>"; };
		E4328143138ABC890047C5CB /* openFrameworksLib.xcodeproj */ = {isa = PBXFileReference; lastKnownFileType = "wrapper.pb-project"; name = openFrameworksLib.xcodeproj; path = ../../../libs/openFrameworksCompiled/project/osx/openFrameworksLib.xcodeproj; sourceTree = SOURCE_ROOT; };
		E45BE9710E8CC7DD009D7055 /* AGL.framework */ = {isa = PBXFileReference; lastKnownFileType = wrapper.framework; name = AGL.framework; path = /System/Library/Frameworks/AGL.framework; sourceTree = "<absolute>"; };
		E45BE9720E8CC7DD009D7055 /* ApplicationServices.framework */ = {isa = PBXFileReference; lastKnownFileType = wrapper.framework; name = ApplicationServices.framework; path = /System/Library/Frameworks/ApplicationServices.framework; sourceTree = "<absolute>"; };
		E45BE9730E8CC7DD009D7055 /* AudioToolbox.framework */ = {isa = PBXFileReference; lastKnownFileType = wrapper.framework; name = AudioToolbox.framework; path = /System/Library/Frameworks/AudioToolbox.framework; sourceTree = "<absolute>"; };
		E45BE9740E8CC7DD009D7055 /* Carbon.framework */ = {isa = PBXFileReference; lastKnownFileType = wrapper.framework; name = Carbon.framework; path = /System/Library/Frameworks/Carbon.framework; sourceTree = "<absolute>"; };
		E45BE9750E8CC7DD009D7055 /* CoreAudio.framework */ = {isa = PBXFileReference; lastKnownFileType = wrapper.framework; name = CoreAudio.framework; path = /System/Library/Frameworks/CoreAudio.framework; sourceTree = "<absolute>"; };
		E45BE9760E8CC7DD009D7055 /* CoreFoundation.framework */ = {isa = PBXFileReference; lastKnownFileType = wrapper.framework; name = CoreFoundation.framework; path = /System/Library/Frameworks/CoreFoundation.framework; sourceTree = "<absolute>"; };
		E45BE9770E8CC7DD009D7055 /* CoreServices.framework */ = {isa = PBXFileReference; lastKnownFileType = wrapper.framework; name = CoreServices.framework; path = /System/Library/Frameworks/CoreServices.framework; sourceTree = "<absolute>"; };
		E45BE9790E8CC7DD009D7055 /* OpenGL.framework */ = {isa = PBXFileReference; lastKnownFileType = wrapper.framework; name = OpenGL.framework; path = /System/Library/Frameworks/OpenGL.framework; sourceTree = "<absolute>"; };
		E45BE97A0E8CC7DD009D7055 /* QuickTime.framework */ = {isa = PBXFileReference; lastKnownFileType = wrapper.framework; name = QuickTime.framework; path = /System/Library/Frameworks/QuickTime.framework; sourceTree = "<absolute>"; };
		E4B69B5B0A3A1756003C02F2 /* SoundalizerDebug.app */ = {isa = PBXFileReference; explicitFileType = wrapper.application; includeInIndex = 0; path = SoundalizerDebug.app; sourceTree = BUILT_PRODUCTS_DIR; };
		E4C2424410CC5A17004149E2 /* AppKit.framework */ = {isa = PBXFileReference; lastKnownFileType = wrapper.framework; name = AppKit.framework; path = /System/Library/Frameworks/AppKit.framework; sourceTree = "<absolute>"; };
		E4C2424510CC5A17004149E2 /* Cocoa.framework */ = {isa = PBXFileReference; lastKnownFileType = wrapper.framework; name = Cocoa.framework; path = /System/Library/Frameworks/Cocoa.framework; sourceTree = "<absolute>"; };
		E4C2424610CC5A17004149E2 /* IOKit.framework */ = {isa = PBXFileReference; lastKnownFileType = wrapper.framework; name = IOKit.framework; path = /System/Library/Frameworks/IOKit.framework; sourceTree = "<absolute>"; };
		E4EB691F138AFCF100A09F29 /* CoreOF.xcconfig */ = {isa = PBXFileReference; fileEncoding = 4; lastKnownFileType = text.xcconfig; name = CoreOF.xcconfig; path = ../../../libs/openFrameworksCompiled/project/osx/CoreOF.xcconfig; sourceTree = SOURCE_ROOT; };
		E4EB6923138AFD0F00A09F29 /* Project.xcconfig */ = {isa = PBXFileReference; fileEncoding = 4; lastKnownFileType = text.xcconfig; path = Project.xcconfig; sourceTree = "<group>"; };
		E7E077E415D3B63C0020DFD4 /* CoreVideo.framework */ = {isa = PBXFileReference; lastKnownFileType = wrapper.framework; name = CoreVideo.framework; path = /System/Library/Frameworks/CoreVideo.framework; sourceTree = "<absolute>"; };
		E7E077E715D3B6510020DFD4 /* QTKit.framework */ = {isa = PBXFileReference; lastKnownFileType = wrapper.framework; name = QTKit.framework; path = /System/Library/Frameworks/QTKit.framework; sourceTree = "<absolute>"; };
		E7F985F515E0DE99003869B5 /* Accelerate.framework */ = {isa = PBXFileReference; lastKnownFileType = wrapper.framework; name = Accelerate.framework; path = /System/Library/Frameworks/Accelerate.framework; sourceTree = "<absolute>"; };
/* End PBXFileReference section */

/* Begin PBXFrameworksBuildPhase section */
		E4B69B590A3A1756003C02F2 /* Frameworks */ = {
			isa = PBXFrameworksBuildPhase;
			buildActionMask = 2147483647;
			files = (
				E7F985F815E0DEA3003869B5 /* Accelerate.framework in Frameworks */,
				E7E077E815D3B6510020DFD4 /* QTKit.framework in Frameworks */,
				E4EB6799138ADC1D00A09F29 /* GLUT.framework in Frameworks */,
				E4328149138ABC9F0047C5CB /* openFrameworksDebug.a in Frameworks */,
				E45BE97B0E8CC7DD009D7055 /* AGL.framework in Frameworks */,
				E45BE97C0E8CC7DD009D7055 /* ApplicationServices.framework in Frameworks */,
				E45BE97D0E8CC7DD009D7055 /* AudioToolbox.framework in Frameworks */,
				E45BE97E0E8CC7DD009D7055 /* Carbon.framework in Frameworks */,
				E45BE97F0E8CC7DD009D7055 /* CoreAudio.framework in Frameworks */,
				E45BE9800E8CC7DD009D7055 /* CoreFoundation.framework in Frameworks */,
				E45BE9810E8CC7DD009D7055 /* CoreServices.framework in Frameworks */,
				E45BE9830E8CC7DD009D7055 /* OpenGL.framework in Frameworks */,
				E45BE9840E8CC7DD009D7055 /* QuickTime.framework in Frameworks */,
				04CAFAED1958D4D6008CBA4C /* fftw3f.a in Frameworks */,
				E4C2424710CC5A17004149E2 /* AppKit.framework in Frameworks */,
				E4C2424810CC5A17004149E2 /* Cocoa.framework in Frameworks */,
				E4C2424910CC5A17004149E2 /* IOKit.framework in Frameworks */,
				E7E077E515D3B63C0020DFD4 /* CoreVideo.framework in Frameworks */,
			);
			runOnlyForDeploymentPostprocessing = 0;
		};
/* End PBXFrameworksBuildPhase section */

/* Begin PBXGroup section */
		04CAFAC31958B776008CBA4C /* ofxCocoaGLView */ = {
			isa = PBXGroup;
			children = (
				04CAFAC41958B776008CBA4C /* src */,
			);
			name = ofxCocoaGLView;
			sourceTree = "<group>";
		};
		04CAFAC41958B776008CBA4C /* src */ = {
			isa = PBXGroup;
			children = (
				04CAFAC51958B776008CBA4C /* ofxCocoaGLView.h */,
				04CAFAC61958B776008CBA4C /* ofxCocoaGLView.mm */,
			);
			name = src;
			path = ../../../addons/ofxCocoaGLView/src;
			sourceTree = "<group>";
		};
		04CAFAC81958B8D5008CBA4C /* ofxFft */ = {
			isa = PBXGroup;
			children = (
				04CAFAC91958B8D5008CBA4C /* src */,
				04CAFAD41958B8D5008CBA4C /* libs */,
			);
			name = ofxFft;
			sourceTree = "<group>";
		};
		04CAFAC91958B8D5008CBA4C /* src */ = {
			isa = PBXGroup;
			children = (
				04CAFACA1958B8D5008CBA4C /* ofxEasyFft.cpp */,
				04CAFACB1958B8D5008CBA4C /* ofxEasyFft.h */,
				04CAFACC1958B8D5008CBA4C /* ofxFft.cpp */,
				04CAFACD1958B8D5008CBA4C /* ofxFft.h */,
				04CAFACE1958B8D5008CBA4C /* ofxFftBasic.cpp */,
				04CAFACF1958B8D5008CBA4C /* ofxFftBasic.h */,
				04CAFAD01958B8D5008CBA4C /* ofxFftw.cpp */,
				04CAFAD11958B8D5008CBA4C /* ofxFftw.h */,
				04CAFAD21958B8D5008CBA4C /* ofxProcessFFT.cpp */,
				04CAFAD31958B8D5008CBA4C /* ofxProcessFFT.h */,
			);
			name = src;
			path = ../../../addons/ofxFft/src;
			sourceTree = "<group>";
		};
		04CAFAD41958B8D5008CBA4C /* libs */ = {
			isa = PBXGroup;
			children = (
				04CAFAD51958B8D5008CBA4C /* fftw */,
				04CAFADB1958B8D5008CBA4C /* kiss */,
			);
			name = libs;
			path = ../../../addons/ofxFft/libs;
			sourceTree = "<group>";
		};
		04CAFAD51958B8D5008CBA4C /* fftw */ = {
			isa = PBXGroup;
			children = (
				04CAFAD61958B8D5008CBA4C /* .keep */,
				04CAFAD71958B8D5008CBA4C /* include */,
				04CAFAD91958B8D5008CBA4C /* lib */,
			);
			path = fftw;
			sourceTree = "<group>";
		};
		04CAFAD71958B8D5008CBA4C /* include */ = {
			isa = PBXGroup;
			children = (
				04CAFAD81958B8D5008CBA4C /* fftw3.h */,
			);
			path = include;
			sourceTree = "<group>";
		};
		04CAFAD91958B8D5008CBA4C /* lib */ = {
			isa = PBXGroup;
			children = (
				04CAFAEB1958D4D6008CBA4C /* osx */,
				04CAFADA1958B8D5008CBA4C /* .keep */,
			);
			path = lib;
			sourceTree = "<group>";
		};
		04CAFADB1958B8D5008CBA4C /* kiss */ = {
			isa = PBXGroup;
			children = (
				04CAFADC1958B8D5008CBA4C /* .keep */,
				04CAFADD1958B8D5008CBA4C /* _kiss_fft_guts.h */,
				04CAFADE1958B8D5008CBA4C /* kiss_fft.c */,
				04CAFADF1958B8D5008CBA4C /* kiss_fft.h */,
				04CAFAE01958B8D5008CBA4C /* kiss_fftr.c */,
				04CAFAE11958B8D5008CBA4C /* kiss_fftr.h */,
			);
			path = kiss;
			sourceTree = "<group>";
		};
		04CAFAEB1958D4D6008CBA4C /* osx */ = {
			isa = PBXGroup;
			children = (
				04CAFAEC1958D4D6008CBA4C /* fftw3f.a */,
			);
			path = osx;
			sourceTree = "<group>";
		};
		04CAFAEE1958DD9B008CBA4C /* ofxBiquadFilter */ = {
			isa = PBXGroup;
			children = (
				04CAFAEF1958DD9B008CBA4C /* src */,
			);
			name = ofxBiquadFilter;
			sourceTree = "<group>";
		};
		04CAFAEF1958DD9B008CBA4C /* src */ = {
			isa = PBXGroup;
			children = (
				04CAFAF01958DD9B008CBA4C /* ofxBiquadFilter.cpp */,
				04CAFAF11958DD9B008CBA4C /* ofxBiquadFilter.h */,
				04CAFAF21958DD9B008CBA4C /* ofxBiquadFilterInstance.cpp */,
				04CAFAF31958DD9B008CBA4C /* ofxBiquadFilterInstance.h */,
			);
			name = src;
			path = ../../../addons/ofxBiquadFilter/src;
			sourceTree = "<group>";
		};
		BB4B014C10F69532006C3DED /* addons */ = {
			isa = PBXGroup;
			children = (
				BFB00C75195D66F200D02A40 /* ofxOsc */,
				04CAFAEE1958DD9B008CBA4C /* ofxBiquadFilter */,
				04CAFAC81958B8D5008CBA4C /* ofxFft */,
				04CAFAC31958B776008CBA4C /* ofxCocoaGLView */,
			);
			name = addons;
			sourceTree = "<group>";
		};
		BBAB23C913894ECA00AA2426 /* system frameworks */ = {
			isa = PBXGroup;
			children = (
				E7F985F515E0DE99003869B5 /* Accelerate.framework */,
				E4C2424410CC5A17004149E2 /* AppKit.framework */,
				E4C2424510CC5A17004149E2 /* Cocoa.framework */,
				E4C2424610CC5A17004149E2 /* IOKit.framework */,
				E45BE9710E8CC7DD009D7055 /* AGL.framework */,
				E45BE9720E8CC7DD009D7055 /* ApplicationServices.framework */,
				E45BE9730E8CC7DD009D7055 /* AudioToolbox.framework */,
				E45BE9740E8CC7DD009D7055 /* Carbon.framework */,
				E45BE9750E8CC7DD009D7055 /* CoreAudio.framework */,
				E45BE9760E8CC7DD009D7055 /* CoreFoundation.framework */,
				E45BE9770E8CC7DD009D7055 /* CoreServices.framework */,
				E45BE9790E8CC7DD009D7055 /* OpenGL.framework */,
				E45BE97A0E8CC7DD009D7055 /* QuickTime.framework */,
				E7E077E415D3B63C0020DFD4 /* CoreVideo.framework */,
				E7E077E715D3B6510020DFD4 /* QTKit.framework */,
			);
			name = "system frameworks";
			sourceTree = "<group>";
		};
		BBAB23CA13894EDB00AA2426 /* 3rd party frameworks */ = {
			isa = PBXGroup;
			children = (
				BBAB23BE13894E4700AA2426 /* GLUT.framework */,
			);
			name = "3rd party frameworks";
			sourceTree = "<group>";
		};
		BFB00C75195D66F200D02A40 /* ofxOsc */ = {
			isa = PBXGroup;
			children = (
				BFB00C76195D66F200D02A40 /* src */,
				BFB00C83195D66F200D02A40 /* libs */,
			);
			name = ofxOsc;
			sourceTree = "<group>";
		};
		BFB00C76195D66F200D02A40 /* src */ = {
			isa = PBXGroup;
			children = (
				BFB00C77195D66F200D02A40 /* ofxOsc.h */,
				BFB00C78195D66F200D02A40 /* ofxOscArg.h */,
				BFB00C79195D66F200D02A40 /* ofxOscBundle.cpp */,
				BFB00C7A195D66F200D02A40 /* ofxOscBundle.h */,
				BFB00C7B195D66F200D02A40 /* ofxOscMessage.cpp */,
				BFB00C7C195D66F200D02A40 /* ofxOscMessage.h */,
				BFB00C7D195D66F200D02A40 /* ofxOscParameterSync.cpp */,
				BFB00C7E195D66F200D02A40 /* ofxOscParameterSync.h */,
				BFB00C7F195D66F200D02A40 /* ofxOscReceiver.cpp */,
				BFB00C80195D66F200D02A40 /* ofxOscReceiver.h */,
				BFB00C81195D66F200D02A40 /* ofxOscSender.cpp */,
				BFB00C82195D66F200D02A40 /* ofxOscSender.h */,
			);
			name = src;
			path = ../../../addons/ofxOsc/src;
			sourceTree = "<group>";
		};
		BFB00C83195D66F200D02A40 /* libs */ = {
			isa = PBXGroup;
			children = (
				BFB00C84195D66F200D02A40 /* oscpack */,
			);
			name = libs;
			path = ../../../addons/ofxOsc/libs;
			sourceTree = "<group>";
		};
		BFB00C84195D66F200D02A40 /* oscpack */ = {
			isa = PBXGroup;
			children = (
				BFB00C85195D66F200D02A40 /* src */,
			);
			path = oscpack;
			sourceTree = "<group>";
		};
		BFB00C85195D66F200D02A40 /* src */ = {
			isa = PBXGroup;
			children = (
				BFB00C86195D66F200D02A40 /* ip */,
				BFB00C93195D66F200D02A40 /* osc */,
			);
			path = src;
			sourceTree = "<group>";
		};
		BFB00C86195D66F200D02A40 /* ip */ = {
			isa = PBXGroup;
			children = (
				BFB00C87195D66F200D02A40 /* IpEndpointName.cpp */,
				BFB00C88195D66F200D02A40 /* IpEndpointName.h */,
				BFB00C89195D66F200D02A40 /* NetworkingUtils.h */,
				BFB00C8A195D66F200D02A40 /* PacketListener.h */,
				BFB00C8B195D66F200D02A40 /* posix */,
				BFB00C8E195D66F200D02A40 /* TimerListener.h */,
				BFB00C8F195D66F200D02A40 /* UdpSocket.h */,
			);
			path = ip;
			sourceTree = "<group>";
		};
		BFB00C8B195D66F200D02A40 /* posix */ = {
			isa = PBXGroup;
			children = (
				BFB00C8C195D66F200D02A40 /* NetworkingUtils.cpp */,
				BFB00C8D195D66F200D02A40 /* UdpSocket.cpp */,
			);
			path = posix;
			sourceTree = "<group>";
		};
		BFB00C93195D66F200D02A40 /* osc */ = {
			isa = PBXGroup;
			children = (
				BFB00C94195D66F200D02A40 /* MessageMappingOscPacketListener.h */,
				BFB00C95195D66F200D02A40 /* OscException.h */,
				BFB00C96195D66F200D02A40 /* OscHostEndianness.h */,
				BFB00C97195D66F200D02A40 /* OscOutboundPacketStream.cpp */,
				BFB00C98195D66F200D02A40 /* OscOutboundPacketStream.h */,
				BFB00C99195D66F200D02A40 /* OscPacketListener.h */,
				BFB00C9A195D66F200D02A40 /* OscPrintReceivedElements.cpp */,
				BFB00C9B195D66F200D02A40 /* OscPrintReceivedElements.h */,
				BFB00C9C195D66F200D02A40 /* OscReceivedElements.cpp */,
				BFB00C9D195D66F200D02A40 /* OscReceivedElements.h */,
				BFB00C9E195D66F200D02A40 /* OscTypes.cpp */,
				BFB00C9F195D66F200D02A40 /* OscTypes.h */,
			);
			path = osc;
			sourceTree = "<group>";
		};
		E4328144138ABC890047C5CB /* Products */ = {
			isa = PBXGroup;
			children = (
				E4328148138ABC890047C5CB /* openFrameworksDebug.a */,
			);
			name = Products;
			sourceTree = "<group>";
		};
		E45BE5980E8CC70C009D7055 /* frameworks */ = {
			isa = PBXGroup;
			children = (
				BBAB23CA13894EDB00AA2426 /* 3rd party frameworks */,
				BBAB23C913894ECA00AA2426 /* system frameworks */,
			);
			name = frameworks;
			sourceTree = "<group>";
		};
		E4B69B4A0A3A1720003C02F2 = {
			isa = PBXGroup;
			children = (
				608B6AAC16A78AAD00144EF4 /* openFrameworks-Info.plist */,
				E4EB6923138AFD0F00A09F29 /* Project.xcconfig */,
				E4B69E1C0A3A1BDC003C02F2 /* src */,
				E4EEC9E9138DF44700A80321 /* openFrameworks */,
				BB4B014C10F69532006C3DED /* addons */,
				E45BE5980E8CC70C009D7055 /* frameworks */,
				E4B69B5B0A3A1756003C02F2 /* SoundalizerDebug.app */,
			);
			sourceTree = "<group>";
		};
		E4B69E1C0A3A1BDC003C02F2 /* src */ = {
			isa = PBXGroup;
			children = (
				609133851652CB3E00B523AD /* mainView.h */,
				609133861652CB3E00B523AD /* mainView.mm */,
				609133791652C9C900B523AD /* AppDelegate.h */,
				6091337A1652C9C900B523AD /* AppDelegate.m */,
				6091337B1652C9C900B523AD /* main.m */,
				6091337C1652C9C900B523AD /* MainMenu.xib */,
				04CAFAF61958E025008CBA4C /* AudioAnalyzer.cpp */,
				04CAFAF71958E025008CBA4C /* AudioAnalyzer.h */,
				BF2FDACF1959E4FA00CCCD76 /* AudioAgentProcessor.mm */,
				BF2FDAD01959E4FA00CCCD76 /* AudioAgentProcessor.h */,
				BFE796E7195AF5670047FB98 /* AudioAgent.h */,
				BFE796E8195AF5670047FB98 /* AudioAgent.mm */,
				BF8043CF195C71DF007B6870 /* SliderTextField.h */,
				BF8043D0195C71DF007B6870 /* SliderTextField.m */,
				DDFBE3B41961351C00A336C7 /* OutputDestination.h */,
				DDFBE3B51961351C00A336C7 /* OutputDestination.mm */,
			);
			path = src;
			sourceTree = SOURCE_ROOT;
		};
		E4EEC9E9138DF44700A80321 /* openFrameworks */ = {
			isa = PBXGroup;
			children = (
				E4EB691F138AFCF100A09F29 /* CoreOF.xcconfig */,
				E4328143138ABC890047C5CB /* openFrameworksLib.xcodeproj */,
			);
			name = openFrameworks;
			sourceTree = "<group>";
		};
/* End PBXGroup section */

/* Begin PBXNativeTarget section */
		E4B69B5A0A3A1756003C02F2 /* example-button */ = {
			isa = PBXNativeTarget;
			buildConfigurationList = E4B69B5F0A3A1757003C02F2 /* Build configuration list for PBXNativeTarget "example-button" */;
			buildPhases = (
				E4B69B580A3A1756003C02F2 /* Sources */,
				E4B69B590A3A1756003C02F2 /* Frameworks */,
				E4B6FFFD0C3F9AB9008CF71C /* ShellScript */,
				E4C2427710CC5ABF004149E2 /* CopyFiles */,
				609133831652CA5E00B523AD /* Resources */,
			);
			buildRules = (
			);
			dependencies = (
				E4EEB9AC138B136A00A80321 /* PBXTargetDependency */,
			);
			name = "example-button";
			productName = myOFApp;
			productReference = E4B69B5B0A3A1756003C02F2 /* SoundalizerDebug.app */;
			productType = "com.apple.product-type.application";
		};
/* End PBXNativeTarget section */

/* Begin PBXProject section */
		E4B69B4C0A3A1720003C02F2 /* Project object */ = {
			isa = PBXProject;
			attributes = {
			};
			buildConfigurationList = E4B69B4D0A3A1720003C02F2 /* Build configuration list for PBXProject "Soundalizer" */;
			compatibilityVersion = "Xcode 2.4";
			developmentRegion = English;
			hasScannedForEncodings = 0;
			knownRegions = (
				English,
				Japanese,
				French,
				German,
			);
			mainGroup = E4B69B4A0A3A1720003C02F2;
			productRefGroup = E4B69B4A0A3A1720003C02F2;
			projectDirPath = "";
			projectReferences = (
				{
					ProductGroup = E4328144138ABC890047C5CB /* Products */;
					ProjectRef = E4328143138ABC890047C5CB /* openFrameworksLib.xcodeproj */;
				},
			);
			projectRoot = "";
			targets = (
				E4B69B5A0A3A1756003C02F2 /* example-button */,
			);
		};
/* End PBXProject section */

/* Begin PBXReferenceProxy section */
		E4328148138ABC890047C5CB /* openFrameworksDebug.a */ = {
			isa = PBXReferenceProxy;
			fileType = archive.ar;
			path = openFrameworksDebug.a;
			remoteRef = E4328147138ABC890047C5CB /* PBXContainerItemProxy */;
			sourceTree = BUILT_PRODUCTS_DIR;
		};
/* End PBXReferenceProxy section */

/* Begin PBXResourcesBuildPhase section */
		609133831652CA5E00B523AD /* Resources */ = {
			isa = PBXResourcesBuildPhase;
			buildActionMask = 2147483647;
			files = (
				609133841652CA6600B523AD /* MainMenu.xib in Resources */,
			);
			runOnlyForDeploymentPostprocessing = 0;
		};
/* End PBXResourcesBuildPhase section */

/* Begin PBXShellScriptBuildPhase section */
		E4B6FFFD0C3F9AB9008CF71C /* ShellScript */ = {
			isa = PBXShellScriptBuildPhase;
			buildActionMask = 2147483647;
			files = (
			);
			inputPaths = (
			);
			outputPaths = (
			);
			runOnlyForDeploymentPostprocessing = 0;
			shellPath = /bin/sh;
			shellScript = "cp -f ../../../libs/fmodex/lib/osx/libfmodex.dylib \"$TARGET_BUILD_DIR/$PRODUCT_NAME.app/Contents/MacOS/libfmodex.dylib\"; install_name_tool -change ./libfmodex.dylib @executable_path/libfmodex.dylib \"$TARGET_BUILD_DIR/$PRODUCT_NAME.app/Contents/MacOS/$PRODUCT_NAME\";";
		};
/* End PBXShellScriptBuildPhase section */

/* Begin PBXSourcesBuildPhase section */
		E4B69B580A3A1756003C02F2 /* Sources */ = {
			isa = PBXSourcesBuildPhase;
			buildActionMask = 2147483647;
			files = (
				04CAFAE71958B8D5008CBA4C /* kiss_fft.c in Sources */,
				BFB00CA3195D66F200D02A40 /* ofxOscReceiver.cpp in Sources */,
				04CAFAE51958B8D5008CBA4C /* ofxFftw.cpp in Sources */,
				BFB00CA7195D66F200D02A40 /* UdpSocket.cpp in Sources */,
				04CAFAF81958E025008CBA4C /* AudioAnalyzer.cpp in Sources */,
				BFB00CA4195D66F200D02A40 /* ofxOscSender.cpp in Sources */,
				04CAFAE41958B8D5008CBA4C /* ofxFftBasic.cpp in Sources */,
				DDFBE3B61961351C00A336C7 /* OutputDestination.mm in Sources */,
				04CAFAE21958B8D5008CBA4C /* ofxEasyFft.cpp in Sources */,
				04CAFAE61958B8D5008CBA4C /* ofxProcessFFT.cpp in Sources */,
				BF2FDAD11959E4FA00CCCD76 /* AudioAgentProcessor.mm in Sources */,
				04CAFAE81958B8D5008CBA4C /* kiss_fftr.c in Sources */,
				BFB00CA8195D66F200D02A40 /* OscOutboundPacketStream.cpp in Sources */,
				BFE796E9195AF5670047FB98 /* AudioAgent.mm in Sources */,
				BFB00CA0195D66F200D02A40 /* ofxOscBundle.cpp in Sources */,
				BF8043D1195C71DF007B6870 /* SliderTextField.m in Sources */,
				6091337D1652C9C900B523AD /* AppDelegate.m in Sources */,
				BFB00CA1195D66F200D02A40 /* ofxOscMessage.cpp in Sources */,
				BFB00CA5195D66F200D02A40 /* IpEndpointName.cpp in Sources */,
				04CAFAF51958DD9B008CBA4C /* ofxBiquadFilterInstance.cpp in Sources */,
				04CAFAC71958B776008CBA4C /* ofxCocoaGLView.mm in Sources */,
				6091337E1652C9C900B523AD /* main.m in Sources */,
				BFB00CA2195D66F200D02A40 /* ofxOscParameterSync.cpp in Sources */,
				04CAFAF41958DD9B008CBA4C /* ofxBiquadFilter.cpp in Sources */,
				BFB00CA9195D66F200D02A40 /* OscPrintReceivedElements.cpp in Sources */,
				BFB00CA6195D66F200D02A40 /* NetworkingUtils.cpp in Sources */,
				BFB00CAA195D66F200D02A40 /* OscReceivedElements.cpp in Sources */,
				BFB00CAB195D66F200D02A40 /* OscTypes.cpp in Sources */,
				04CAFAE31958B8D5008CBA4C /* ofxFft.cpp in Sources */,
				609133871652CB3E00B523AD /* mainView.mm in Sources */,
			);
			runOnlyForDeploymentPostprocessing = 0;
		};
/* End PBXSourcesBuildPhase section */

/* Begin PBXTargetDependency section */
		E4EEB9AC138B136A00A80321 /* PBXTargetDependency */ = {
			isa = PBXTargetDependency;
			name = openFrameworks;
			targetProxy = E4EEB9AB138B136A00A80321 /* PBXContainerItemProxy */;
		};
/* End PBXTargetDependency section */

/* Begin XCBuildConfiguration section */
		E4B69B4E0A3A1720003C02F2 /* Debug */ = {
			isa = XCBuildConfiguration;
			baseConfigurationReference = E4EB6923138AFD0F00A09F29 /* Project.xcconfig */;
			buildSettings = {
				ARCHS = "$(NATIVE_ARCH)";
				CONFIGURATION_BUILD_DIR = "$(SRCROOT)/bin/";
				COPY_PHASE_STRIP = NO;
				DEAD_CODE_STRIPPING = YES;
				GCC_AUTO_VECTORIZATION = YES;
				GCC_ENABLE_SSE3_EXTENSIONS = YES;
				GCC_ENABLE_SUPPLEMENTAL_SSE3_INSTRUCTIONS = YES;
				GCC_INLINES_ARE_PRIVATE_EXTERN = NO;
				GCC_OPTIMIZATION_LEVEL = 0;
				GCC_SYMBOLS_PRIVATE_EXTERN = NO;
				GCC_WARN_ABOUT_DEPRECATED_FUNCTIONS = YES;
				GCC_WARN_ABOUT_INVALID_OFFSETOF_MACRO = NO;
				GCC_WARN_ALLOW_INCOMPLETE_PROTOCOL = NO;
				GCC_WARN_UNINITIALIZED_AUTOS = NO;
				GCC_WARN_UNUSED_VALUE = NO;
				GCC_WARN_UNUSED_VARIABLE = NO;
				OTHER_CPLUSPLUSFLAGS = (
					"-D__MACOSX_CORE__",
					"-lpthread",
					"-mtune=native",
				);
			};
			name = Debug;
		};
		E4B69B4F0A3A1720003C02F2 /* Release */ = {
			isa = XCBuildConfiguration;
			baseConfigurationReference = E4EB6923138AFD0F00A09F29 /* Project.xcconfig */;
			buildSettings = {
				ARCHS = "$(NATIVE_ARCH)";
				CONFIGURATION_BUILD_DIR = "$(SRCROOT)/bin/";
				COPY_PHASE_STRIP = YES;
				DEAD_CODE_STRIPPING = YES;
				GCC_AUTO_VECTORIZATION = YES;
				GCC_ENABLE_SSE3_EXTENSIONS = YES;
				GCC_ENABLE_SUPPLEMENTAL_SSE3_INSTRUCTIONS = YES;
				GCC_INLINES_ARE_PRIVATE_EXTERN = NO;
				GCC_OPTIMIZATION_LEVEL = 3;
				GCC_SYMBOLS_PRIVATE_EXTERN = NO;
				GCC_UNROLL_LOOPS = YES;
				GCC_WARN_ABOUT_DEPRECATED_FUNCTIONS = YES;
				GCC_WARN_ABOUT_INVALID_OFFSETOF_MACRO = NO;
				GCC_WARN_ALLOW_INCOMPLETE_PROTOCOL = NO;
				GCC_WARN_UNINITIALIZED_AUTOS = NO;
				GCC_WARN_UNUSED_VALUE = NO;
				GCC_WARN_UNUSED_VARIABLE = NO;
				OTHER_CPLUSPLUSFLAGS = (
					"-D__MACOSX_CORE__",
					"-lpthread",
					"-mtune=native",
				);
			};
			name = Release;
		};
		E4B69B600A3A1757003C02F2 /* Debug */ = {
			isa = XCBuildConfiguration;
			buildSettings = {
				COPY_PHASE_STRIP = NO;
				FRAMEWORK_SEARCH_PATHS = (
					"$(inherited)",
					"$(FRAMEWORK_SEARCH_PATHS_QUOTED_FOR_TARGET_1)",
				);
				FRAMEWORK_SEARCH_PATHS_QUOTED_FOR_TARGET_1 = "\"$(SRCROOT)/../../../libs/glut/lib/osx\"";
				GCC_DYNAMIC_NO_PIC = NO;
				GCC_ENABLE_FIX_AND_CONTINUE = YES;
				GCC_GENERATE_DEBUGGING_SYMBOLS = YES;
				GCC_MODEL_TUNING = NONE;
				GCC_PRECOMPILE_PREFIX_HEADER = YES;
				GCC_PREFIX_HEADER = "$(SYSTEM_LIBRARY_DIR)/Frameworks/Carbon.framework/Headers/Carbon.h";
				INFOPLIST_FILE = "openFrameworks-Info.plist";
				INSTALL_PATH = "$(HOME)/Applications";
				LIBRARY_SEARCH_PATHS = (
					"$(inherited)",
					"$(LIBRARY_SEARCH_PATHS_QUOTED_FOR_TARGET_1)",
					"$(LIBRARY_SEARCH_PATHS_QUOTED_FOR_TARGET_2)",
					"$(LIBRARY_SEARCH_PATHS_QUOTED_FOR_TARGET_3)",
					"$(LIBRARY_SEARCH_PATHS_QUOTED_FOR_TARGET_4)",
					"$(LIBRARY_SEARCH_PATHS_QUOTED_FOR_TARGET_5)",
					"$(LIBRARY_SEARCH_PATHS_QUOTED_FOR_TARGET_6)",
					"$(LIBRARY_SEARCH_PATHS_QUOTED_FOR_TARGET_7)",
					"$(LIBRARY_SEARCH_PATHS_QUOTED_FOR_TARGET_8)",
					"$(LIBRARY_SEARCH_PATHS_QUOTED_FOR_TARGET_9)",
					"$(LIBRARY_SEARCH_PATHS_QUOTED_FOR_TARGET_10)",
					"$(LIBRARY_SEARCH_PATHS_QUOTED_FOR_TARGET_11)",
					"$(LIBRARY_SEARCH_PATHS_QUOTED_FOR_TARGET_12)",
					"$(LIBRARY_SEARCH_PATHS_QUOTED_FOR_TARGET_13)",
					"$(LIBRARY_SEARCH_PATHS_QUOTED_FOR_TARGET_14)",
					"$(LIBRARY_SEARCH_PATHS_QUOTED_FOR_TARGET_15)",
					"$(LIBRARY_SEARCH_PATHS_QUOTED_FOR_TARGET_2)",
					"$(LIBRARY_SEARCH_PATHS_QUOTED_FOR_TARGET_3)",
					"$(LIBRARY_SEARCH_PATHS_QUOTED_FOR_TARGET_7)",
					"$(LIBRARY_SEARCH_PATHS_QUOTED_FOR_TARGET_8)",
					"$(LIBRARY_SEARCH_PATHS_QUOTED_FOR_TARGET_9)",
					"$(LIBRARY_SEARCH_PATHS_QUOTED_FOR_TARGET_10)",
					"$(LIBRARY_SEARCH_PATHS_QUOTED_FOR_TARGET_11)",
					"$(LIBRARY_SEARCH_PATHS_QUOTED_FOR_TARGET_12)",
					"$(LIBRARY_SEARCH_PATHS_QUOTED_FOR_TARGET_13)",
					"$(LIBRARY_SEARCH_PATHS_QUOTED_FOR_TARGET_16)",
					"$(LIBRARY_SEARCH_PATHS_QUOTED_FOR_TARGET_17)",
					"$(LIBRARY_SEARCH_PATHS_QUOTED_FOR_TARGET_18)",
					"$(LIBRARY_SEARCH_PATHS_QUOTED_FOR_TARGET_19)",
					"$(LIBRARY_SEARCH_PATHS_QUOTED_FOR_TARGET_20)",
					"$(LIBRARY_SEARCH_PATHS_QUOTED_FOR_TARGET_21)",
					"$(LIBRARY_SEARCH_PATHS_QUOTED_FOR_TARGET_22)",
					"$(LIBRARY_SEARCH_PATHS_QUOTED_FOR_TARGET_23)",
					"$(LIBRARY_SEARCH_PATHS_QUOTED_FOR_TARGET_24)",
					"$(LIBRARY_SEARCH_PATHS_QUOTED_FOR_TARGET_25)",
					"$(LIBRARY_SEARCH_PATHS_QUOTED_FOR_TARGET_26)",
					"$(LIBRARY_SEARCH_PATHS_QUOTED_FOR_TARGET_27)",
					"$(LIBRARY_SEARCH_PATHS_QUOTED_FOR_TARGET_28)",
					"$(LIBRARY_SEARCH_PATHS_QUOTED_FOR_TARGET_29)",
					"$(LIBRARY_SEARCH_PATHS_QUOTED_FOR_TARGET_30)",
					"$(LIBRARY_SEARCH_PATHS_QUOTED_FOR_TARGET_31)",
					"$(LIBRARY_SEARCH_PATHS_QUOTED_FOR_TARGET_32)",
					"$(LIBRARY_SEARCH_PATHS_QUOTED_FOR_TARGET_33)",
					"$(LIBRARY_SEARCH_PATHS_QUOTED_FOR_TARGET_34)",
					"$(LIBRARY_SEARCH_PATHS_QUOTED_FOR_TARGET_35)",
					"$(LIBRARY_SEARCH_PATHS_QUOTED_FOR_TARGET_36)",
					"$(LIBRARY_SEARCH_PATHS_QUOTED_FOR_TARGET_37)",
					"$(LIBRARY_SEARCH_PATHS_QUOTED_FOR_TARGET_38)",
					"$(LIBRARY_SEARCH_PATHS_QUOTED_FOR_TARGET_39)",
					"$(LIBRARY_SEARCH_PATHS_QUOTED_FOR_TARGET_40)",
					"$(LIBRARY_SEARCH_PATHS_QUOTED_FOR_TARGET_41)",
					"$(LIBRARY_SEARCH_PATHS_QUOTED_FOR_TARGET_42)",
					"$(LIBRARY_SEARCH_PATHS_QUOTED_FOR_TARGET_43)",
					"$(LIBRARY_SEARCH_PATHS_QUOTED_FOR_TARGET_44)",
					"$(LIBRARY_SEARCH_PATHS_QUOTED_FOR_TARGET_45)",
					"$(LIBRARY_SEARCH_PATHS_QUOTED_FOR_TARGET_46)",
					"$(LIBRARY_SEARCH_PATHS_QUOTED_FOR_TARGET_47)",
					"$(LIBRARY_SEARCH_PATHS_QUOTED_FOR_TARGET_48)",
					"$(LIBRARY_SEARCH_PATHS_QUOTED_FOR_TARGET_49)",
					"$(LIBRARY_SEARCH_PATHS_QUOTED_FOR_TARGET_50)",
					"$(LIBRARY_SEARCH_PATHS_QUOTED_FOR_TARGET_51)",
					"$(LIBRARY_SEARCH_PATHS_QUOTED_FOR_TARGET_52)",
					/Users/drexjojo/Development/of_v0.8.1_osx_release/addons/ofxFft/libs/fftw/lib/osx,
				);
				PREBINDING = NO;
				PRODUCT_NAME = SoundalizerDebug;
				SDKROOT = macosx10.9;
				USER_HEADER_SEARCH_PATHS = "../../../addons/ofxOsc/libs/oscpack/src/ ../../../addons/ofxFft/libs/fftw/include/";
				WRAPPER_EXTENSION = app;
			};
			name = Debug;
		};
		E4B69B610A3A1757003C02F2 /* Release */ = {
			isa = XCBuildConfiguration;
			buildSettings = {
				COPY_PHASE_STRIP = YES;
				FRAMEWORK_SEARCH_PATHS = (
					"$(inherited)",
					"$(FRAMEWORK_SEARCH_PATHS_QUOTED_FOR_TARGET_1)",
				);
				FRAMEWORK_SEARCH_PATHS_QUOTED_FOR_TARGET_1 = "\"$(SRCROOT)/../../../libs/glut/lib/osx\"";
				GCC_ENABLE_FIX_AND_CONTINUE = NO;
				GCC_GENERATE_DEBUGGING_SYMBOLS = YES;
				GCC_MODEL_TUNING = NONE;
				GCC_PRECOMPILE_PREFIX_HEADER = YES;
				GCC_PREFIX_HEADER = "$(SYSTEM_LIBRARY_DIR)/Frameworks/Carbon.framework/Headers/Carbon.h";
				INFOPLIST_FILE = "openFrameworks-Info.plist";
				INSTALL_PATH = "$(HOME)/Applications";
				LIBRARY_SEARCH_PATHS = (
					"$(inherited)",
					"$(LIBRARY_SEARCH_PATHS_QUOTED_FOR_TARGET_1)",
					"$(LIBRARY_SEARCH_PATHS_QUOTED_FOR_TARGET_2)",
					"$(LIBRARY_SEARCH_PATHS_QUOTED_FOR_TARGET_3)",
					"$(LIBRARY_SEARCH_PATHS_QUOTED_FOR_TARGET_4)",
					"$(LIBRARY_SEARCH_PATHS_QUOTED_FOR_TARGET_5)",
					"$(LIBRARY_SEARCH_PATHS_QUOTED_FOR_TARGET_6)",
					"$(LIBRARY_SEARCH_PATHS_QUOTED_FOR_TARGET_7)",
					"$(LIBRARY_SEARCH_PATHS_QUOTED_FOR_TARGET_8)",
					"$(LIBRARY_SEARCH_PATHS_QUOTED_FOR_TARGET_9)",
					"$(LIBRARY_SEARCH_PATHS_QUOTED_FOR_TARGET_10)",
					"$(LIBRARY_SEARCH_PATHS_QUOTED_FOR_TARGET_11)",
					"$(LIBRARY_SEARCH_PATHS_QUOTED_FOR_TARGET_12)",
					"$(LIBRARY_SEARCH_PATHS_QUOTED_FOR_TARGET_13)",
					"$(LIBRARY_SEARCH_PATHS_QUOTED_FOR_TARGET_14)",
					"$(LIBRARY_SEARCH_PATHS_QUOTED_FOR_TARGET_15)",
					"$(LIBRARY_SEARCH_PATHS_QUOTED_FOR_TARGET_2)",
					"$(LIBRARY_SEARCH_PATHS_QUOTED_1)",
					"$(LIBRARY_SEARCH_PATHS_QUOTED_FOR_TARGET_3)",
					"$(LIBRARY_SEARCH_PATHS_QUOTED_FOR_TARGET_7)",
					"$(LIBRARY_SEARCH_PATHS_QUOTED_FOR_TARGET_8)",
					"$(LIBRARY_SEARCH_PATHS_QUOTED_FOR_TARGET_9)",
					"$(LIBRARY_SEARCH_PATHS_QUOTED_FOR_TARGET_10)",
					"$(LIBRARY_SEARCH_PATHS_QUOTED_FOR_TARGET_11)",
					"$(LIBRARY_SEARCH_PATHS_QUOTED_FOR_TARGET_12)",
					"$(LIBRARY_SEARCH_PATHS_QUOTED_FOR_TARGET_13)",
					"$(LIBRARY_SEARCH_PATHS_QUOTED_FOR_TARGET_16)",
					"$(LIBRARY_SEARCH_PATHS_QUOTED_FOR_TARGET_17)",
					"$(LIBRARY_SEARCH_PATHS_QUOTED_FOR_TARGET_18)",
					"$(LIBRARY_SEARCH_PATHS_QUOTED_FOR_TARGET_19)",
					"$(LIBRARY_SEARCH_PATHS_QUOTED_FOR_TARGET_20)",
					"$(LIBRARY_SEARCH_PATHS_QUOTED_FOR_TARGET_21)",
					"$(LIBRARY_SEARCH_PATHS_QUOTED_FOR_TARGET_22)",
					"$(LIBRARY_SEARCH_PATHS_QUOTED_FOR_TARGET_23)",
					"$(LIBRARY_SEARCH_PATHS_QUOTED_FOR_TARGET_24)",
					"$(LIBRARY_SEARCH_PATHS_QUOTED_FOR_TARGET_25)",
					"$(LIBRARY_SEARCH_PATHS_QUOTED_FOR_TARGET_26)",
					"$(LIBRARY_SEARCH_PATHS_QUOTED_FOR_TARGET_27)",
					"$(LIBRARY_SEARCH_PATHS_QUOTED_FOR_TARGET_28)",
					"$(LIBRARY_SEARCH_PATHS_QUOTED_FOR_TARGET_29)",
					"$(LIBRARY_SEARCH_PATHS_QUOTED_FOR_TARGET_30)",
					"$(LIBRARY_SEARCH_PATHS_QUOTED_FOR_TARGET_31)",
					"$(LIBRARY_SEARCH_PATHS_QUOTED_FOR_TARGET_32)",
					"$(LIBRARY_SEARCH_PATHS_QUOTED_FOR_TARGET_33)",
					"$(LIBRARY_SEARCH_PATHS_QUOTED_FOR_TARGET_34)",
					"$(LIBRARY_SEARCH_PATHS_QUOTED_FOR_TARGET_35)",
					"$(LIBRARY_SEARCH_PATHS_QUOTED_FOR_TARGET_36)",
					"$(LIBRARY_SEARCH_PATHS_QUOTED_FOR_TARGET_37)",
					"$(LIBRARY_SEARCH_PATHS_QUOTED_FOR_TARGET_38)",
					"$(LIBRARY_SEARCH_PATHS_QUOTED_FOR_TARGET_39)",
					"$(LIBRARY_SEARCH_PATHS_QUOTED_FOR_TARGET_40)",
					"$(LIBRARY_SEARCH_PATHS_QUOTED_FOR_TARGET_41)",
					"$(LIBRARY_SEARCH_PATHS_QUOTED_FOR_TARGET_42)",
					"$(LIBRARY_SEARCH_PATHS_QUOTED_FOR_TARGET_43)",
					"$(LIBRARY_SEARCH_PATHS_QUOTED_FOR_TARGET_44)",
					"$(LIBRARY_SEARCH_PATHS_QUOTED_FOR_TARGET_45)",
					"$(LIBRARY_SEARCH_PATHS_QUOTED_FOR_TARGET_46)",
					"$(LIBRARY_SEARCH_PATHS_QUOTED_FOR_TARGET_47)",
					"$(LIBRARY_SEARCH_PATHS_QUOTED_FOR_TARGET_48)",
					"$(LIBRARY_SEARCH_PATHS_QUOTED_FOR_TARGET_49)",
					"$(LIBRARY_SEARCH_PATHS_QUOTED_FOR_TARGET_50)",
					"$(LIBRARY_SEARCH_PATHS_QUOTED_FOR_TARGET_51)",
					/Users/drexjojo/Development/of_v0.8.1_osx_release/addons/ofxFft/libs/fftw/lib/osx,
				);
				PREBINDING = NO;
				PRODUCT_NAME = Soundalizer;
				SDKROOT = macosx10.9;
				USER_HEADER_SEARCH_PATHS = "../../../addons/ofxOsc/libs/oscpack/src/ ../../../addons/ofxFft/libs/fftw/include/";
				WRAPPER_EXTENSION = app;
			};
			name = Release;
		};
/* End XCBuildConfiguration section */

/* Begin XCConfigurationList section */
		E4B69B4D0A3A1720003C02F2 /* Build configuration list for PBXProject "Soundalizer" */ = {
			isa = XCConfigurationList;
			buildConfigurations = (
				E4B69B4E0A3A1720003C02F2 /* Debug */,
				E4B69B4F0A3A1720003C02F2 /* Release */,
			);
			defaultConfigurationIsVisible = 0;
			defaultConfigurationName = Release;
		};
		E4B69B5F0A3A1757003C02F2 /* Build configuration list for PBXNativeTarget "example-button" */ = {
			isa = XCConfigurationList;
			buildConfigurations = (
				E4B69B600A3A1757003C02F2 /* Debug */,
				E4B69B610A3A1757003C02F2 /* Release */,
			);
			defaultConfigurationIsVisible = 0;
			defaultConfigurationName = Release;
		};
/* End XCConfigurationList section */
	};
	rootObject = E4B69B4C0A3A1720003C02F2 /* Project object */;
}
